resize:
  cmd: python src/resize.py data/raw_images data/resized
  deps:
  - path: data/raw_images
    md5: 157d08f4dd92b39488a711a31bdbe15f.dir
    size: 128225
    nfiles: 4
  - path: src/resize.py
    md5: 977e3ce5c1e63777ccc38dd84ffce753
    size: 860
  params:
    params.yaml:
      resize.height: 210
      resize.width: 100
  outs:
  - path: data/resized
    md5: 322ba779bca6e6b1ace0d275e35ed0f0.dir
    size: 30747
    nfiles: 4
nl-mean:
  cmd: python src/nl_mean.py data/resized data/nl-mean
  deps:
  - path: data/resized
    md5: 322ba779bca6e6b1ace0d275e35ed0f0.dir
    size: 30747
    nfiles: 4
  - path: src/nl_mean.py
    md5: 6238d92c792f3b2d87d92e3b2492d9a6
    size: 1279
  params:
    params.yaml:
      nl-mean.patch_distance: 6
      nl-mean.patch_size: 5
  outs:
  - path: data/nl-mean
    md5: ca86c6e914b11834381bfea5193e5a69.dir
    size: 23512
    nfiles: 4
